
Microsoft Visual Studio Solution File, Format Version 12.00
# Visual Studio Version 17
VisualStudioVersion = 17.14.36121.58 d17.14
MinimumVisualStudioVersion = 10.0.40219.1
Project("{2150E333-8FDC-42A3-9474-1A3956D46DE8}") = "ClientApp", "ClientApp", "{02EA681E-C7D8-13C7-8484-4AC65E1B71E8}"
EndProject
Project("{2150E333-8FDC-42A3-9474-1A3956D46DE8}") = "WepApi", "WepApi", "{C741BE9D-3B39-435E-BE2C-9EA5F7E78418}"
EndProject
Project("{FAE04EC0-301F-11D3-BF4B-00C04F79EFBC}") = "FinancialManagementWepApi", "FinancialManagementWepApi\FinancialManagementWepApi.csproj", "{37F22C11-8864-4DB4-B2CA-3A685E913E26}"
EndProject
Project("{54A90642-561A-4BB1-A94E-469ADEE60C69}") = "clientapp", "clientApp\clientapp.esproj", "{24581855-81DC-CBC5-2066-6239B39AC343}"
EndProject
Global
	GlobalSection(SolutionConfigurationPlatforms) = preSolution
		Debug|Any CPU = Debug|Any CPU
		Release|Any CPU = Release|Any CPU
	EndGlobalSection
	GlobalSection(ProjectConfigurationPlatforms) = postSolution
		{37F22C11-8864-4DB4-B2CA-3A685E913E26}.Debug|Any CPU.ActiveCfg = Debug|Any CPU
		{37F22C11-8864-4DB4-B2CA-3A685E913E26}.Debug|Any CPU.Build.0 = Debug|Any CPU
		{37F22C11-8864-4DB4-B2CA-3A685E913E26}.Release|Any CPU.ActiveCfg = Release|Any CPU
		{37F22C11-8864-4DB4-B2CA-3A685E913E26}.Release|Any CPU.Build.0 = Release|Any CPU
		{24581855-81DC-CBC5-2066-6239B39AC343}.Debug|Any CPU.ActiveCfg = Debug|Any CPU
		{24581855-81DC-CBC5-2066-6239B39AC343}.Debug|Any CPU.Build.0 = Debug|Any CPU
		{24581855-81DC-CBC5-2066-6239B39AC343}.Debug|Any CPU.Deploy.0 = Debug|Any CPU
		{24581855-81DC-CBC5-2066-6239B39AC343}.Release|Any CPU.ActiveCfg = Release|Any CPU
		{24581855-81DC-CBC5-2066-6239B39AC343}.Release|Any CPU.Build.0 = Release|Any CPU
		{24581855-81DC-CBC5-2066-6239B39AC343}.Release|Any CPU.Deploy.0 = Release|Any CPU
	EndGlobalSection
	GlobalSection(SolutionProperties) = preSolution
		HideSolutionNode = FALSE
	EndGlobalSection
	GlobalSection(NestedProjects) = preSolution
		{37F22C11-8864-4DB4-B2CA-3A685E913E26} = {C741BE9D-3B39-435E-BE2C-9EA5F7E78418}
		{24581855-81DC-CBC5-2066-6239B39AC343} = {02EA681E-C7D8-13C7-8484-4AC65E1B71E8}
	EndGlobalSection
	GlobalSection(ExtensibilityGlobals) = postSolution
		SolutionGuid = {47005CC0-B885-44FD-8C11-AE3424D98CC8}
	EndGlobalSection
EndGlobal
